
Microsoft Visual Studio Solution File, Format Version 12.00
# Visual Studio Version 16
VisualStudioVersion = 16.0.31313.79
MinimumVisualStudioVersion = 10.0.40219.1
Project("{9A19103F-16F7-4668-BE54-9A1E7A4F7556}") = "LibToBenchmark", "LibToBenchMark\LibToBenchmark.csproj", "{5A49A40A-20E5-485A-A726-1AA1276E1DB8}"
EndProject
Project("{9A19103F-16F7-4668-BE54-9A1E7A4F7556}") = "BenchmarkingLib", "BenchmarkingLib\BenchmarkingLib.csproj", "{97E67767-B9AE-49EA-A240-ABAF315B9868}"
EndProject
Global
	GlobalSection(SolutionConfigurationPlatforms) = preSolution
		Debug|Any CPU = Debug|Any CPU
		Release|Any CPU = Release|Any CPU
	EndGlobalSection
	GlobalSection(ProjectConfigurationPlatforms) = postSolution
		{5A49A40A-20E5-485A-A726-1AA1276E1DB8}.Debug|Any CPU.ActiveCfg = Debug|Any CPU
		{5A49A40A-20E5-485A-A726-1AA1276E1DB8}.Debug|Any CPU.Build.0 = Debug|Any CPU
		{5A49A40A-20E5-485A-A726-1AA1276E1DB8}.Release|Any CPU.ActiveCfg = Release|Any CPU
		{5A49A40A-20E5-485A-A726-1AA1276E1DB8}.Release|Any CPU.Build.0 = Release|Any CPU
		{97E67767-B9AE-49EA-A240-ABAF315B9868}.Debug|Any CPU.ActiveCfg = Debug|Any CPU
		{97E67767-B9AE-49EA-A240-ABAF315B9868}.Debug|Any CPU.Build.0 = Debug|Any CPU
		{97E67767-B9AE-49EA-A240-ABAF315B9868}.Release|Any CPU.ActiveCfg = Release|Any CPU
		{97E67767-B9AE-49EA-A240-ABAF315B9868}.Release|Any CPU.Build.0 = Release|Any CPU
	EndGlobalSection
	GlobalSection(SolutionProperties) = preSolution
		HideSolutionNode = FALSE
	EndGlobalSection
	GlobalSection(ExtensibilityGlobals) = postSolution
		SolutionGuid = {4BD529A8-BEF3-428E-BF6D-C4185AB4F458}
	EndGlobalSection
EndGlobal
